PODS:
  - Flutter (1.0.0)
  - flutter_forbidshot (0.0.1):
    - Flutter

DEPENDENCIES:
  - Flutter (from `.symlinks/flutter/ios`)
  - flutter_forbidshot (from `.symlinks/plugins/flutter_forbidshot/ios`)

EXTERNAL SOURCES:
  Flutter:
    :path: ".symlinks/flutter/ios"
  flutter_forbidshot:
    :path: ".symlinks/plugins/flutter_forbidshot/ios"

SPEC CHECKSUMS:
  Flutter: 58dd7d1b27887414a370fcccb9e645c08ffd7a6a
  flutter_forbidshot: feac5273065c5b7b6b57a9c6ec4936e3be473523

PODFILE CHECKSUM: 7fb83752f59ead6285236625b82473f90b1cb932

COCOAPODS: 1.6.1
